
Microsoft Visual Studio Solution File, Format Version 11.00
# Visual C# Express 2010
Project("{FAE04EC0-301F-11D3-BF4B-00C04F79EFBC}") = "ColorEditor20160609", "ColorEditor20160609\ColorEditor20160609.csproj", "{4A369CBE-8FFA-42D9-9E28-FA0312F20E58}"
EndProject
Global
	GlobalSection(SolutionConfigurationPlatforms) = preSolution
		Debug|x86 = Debug|x86
		Release|x86 = Release|x86
	EndGlobalSection
	GlobalSection(ProjectConfigurationPlatforms) = postSolution
		{4A369CBE-8FFA-42D9-9E28-FA0312F20E58}.Debug|x86.ActiveCfg = Debug|x86
		{4A369CBE-8FFA-42D9-9E28-FA0312F20E58}.Debug|x86.Build.0 = Debug|x86
		{4A369CBE-8FFA-42D9-9E28-FA0312F20E58}.Release|x86.ActiveCfg = Release|x86
		{4A369CBE-8FFA-42D9-9E28-FA0312F20E58}.Release|x86.Build.0 = Release|x86
	EndGlobalSection
	GlobalSection(SolutionProperties) = preSolution
		HideSolutionNode = FALSE
	EndGlobalSection
EndGlobal
